
Microsoft Visual Studio Solution File, Format Version 12.00
# Visual Studio Version 17
VisualStudioVersion = 17.0.31912.275
MinimumVisualStudioVersion = 10.0.40219.1
Project("{FAE04EC0-301F-11D3-BF4B-00C04F79EFBC}") = "CentralV3", "CentralV3.csproj", "{A949438C-174A-42FB-ACAC-3D7FF05DC480}"
EndProject
Global
	GlobalSection(SolutionConfigurationPlatforms) = preSolution
		Debug|Any CPU = Debug|Any CPU
		Release|Any CPU = Release|Any CPU
	EndGlobalSection
	GlobalSection(ProjectConfigurationPlatforms) = postSolution
		{A949438C-174A-42FB-ACAC-3D7FF05DC480}.Debug|Any CPU.ActiveCfg = Debug|Any CPU
		{A949438C-174A-42FB-ACAC-3D7FF05DC480}.Debug|Any CPU.Build.0 = Debug|Any CPU
		{A949438C-174A-42FB-ACAC-3D7FF05DC480}.Release|Any CPU.ActiveCfg = Release|Any CPU
		{A949438C-174A-42FB-ACAC-3D7FF05DC480}.Release|Any CPU.Build.0 = Release|Any CPU
	EndGlobalSection
	GlobalSection(SolutionProperties) = preSolution
		HideSolutionNode = FALSE
	EndGlobalSection
	GlobalSection(ExtensibilityGlobals) = postSolution
		SolutionGuid = {84E3A61B-D6DE-4BA3-B88E-315613867826}
	EndGlobalSection
EndGlobal
